PODS:
  - FBSDKCoreKit (5.4.0):
    - FBSDKCoreKit/Basics (= 5.4.0)
    - FBSDKCoreKit/Core (= 5.4.0)
  - FBSDKCoreKit/Basics (5.4.0)
  - FBSDKCoreKit/Core (5.4.0):
    - FBSDKCoreKit/Basics
  - FBSDKLoginKit (5.4.0):
    - FBSDKCoreKit (~> 5.0)
  - FBSDKShareKit (5.4.0):
    - FBSDKCoreKit (~> 5.0)
  - RQShineLabel (1.0.0)

DEPENDENCIES:
  - FBSDKCoreKit
  - FBSDKLoginKit
  - FBSDKShareKit
  - RQShineLabel

SPEC REPOS:
  https://github.com/cocoapods/specs.git:
    - FBSDKCoreKit
    - FBSDKLoginKit
    - FBSDKShareKit
    - RQShineLabel

SPEC CHECKSUMS:
  FBSDKCoreKit: 026e56cf2c2cebc656cf2aec5c6898b8c4f33930
  FBSDKLoginKit: f5064bb8f20c065ee1ea5987cbe0475b713edf9b
  FBSDKShareKit: 49e5cd98c7dfe09f8c536a773574e370bd523fbc
  RQShineLabel: 17457abf7250d1220ddd99bc61323d57563344cd

PODFILE CHECKSUM: 86939345f0e9f2ce679c8851243fca4b98103e80

COCOAPODS: 1.7.5
