PODS:
  - Bolts (1.9.0):
    - Bolts/AppLinks (= 1.9.0)
    - Bolts/Tasks (= 1.9.0)
  - Bolts/AppLinks (1.9.0):
    - Bolts/Tasks
  - Bolts/Tasks (1.9.0)
  - FBSDKCoreKit (4.30.0):
    - Bolts (~> 1.7)
  - FBSDKLoginKit (4.30.0):
    - FBSDKCoreKit
  - FBSDKShareKit (4.30.0):
    - FBSDKCoreKit (~> 4.30.0)
  - RQShineLabel (0.1.3)
  - SwiftyJSON (4.0.0)

DEPENDENCIES:
  - FBSDKCoreKit
  - FBSDKLoginKit
  - FBSDKShareKit
  - RQShineLabel
  - SwiftyJSON

SPEC CHECKSUMS:
  Bolts: ac6567323eac61e203f6a9763667d0f711be34c8
  FBSDKCoreKit: 7c4bba2877781a131ab5d54c0a78c405d4307b62
  FBSDKLoginKit: fe7a7e82373dc5daad92e1623219e86224ab1fb1
  FBSDKShareKit: a9427574b51bde4f437262c3f118c4ccfddeef6c
  RQShineLabel: ae66343d6c779a8efdf61241734ddcec5d79d351
  SwiftyJSON: 070dabdcb1beb81b247c65ffa3a79dbbfb3b48aa

PODFILE CHECKSUM: 27fee4b47ed52b1790b74fa2e63528eedf9e3e6c

COCOAPODS: 1.4.0
