PODS:
  - RQShineLabel (0.1.3)
  - SwiftyJSON (4.0.0)

DEPENDENCIES:
  - RQShineLabel
  - SwiftyJSON

SPEC CHECKSUMS:
  RQShineLabel: ae66343d6c779a8efdf61241734ddcec5d79d351
  SwiftyJSON: 070dabdcb1beb81b247c65ffa3a79dbbfb3b48aa

PODFILE CHECKSUM: 29c885d037259a97212a4271634faa53fb54e9a6

COCOAPODS: 1.4.0
